{
  "pins" : [
    {
      "identity" : "swipeactions",
      "kind" : "remoteSourceControl",
      "location" : "https://github.com/kristian-kiraly/SwipeActions",
      "state" : {
        "revision" : "f01ca2cef8d75a22078f4ab467ad360cdd320f22",
        "version" : "1.0.6"
      }
    }
  ],
  "version" : 2
}
