{
  "pins" : [
    {
      "identity" : "swipeactions",
      "kind" : "remoteSourceControl",
      "location" : "https://github.com/kristian-kiraly/SwipeActions",
      "state" : {
        "revision" : "239eff55679513538913624138dd1fcf7a394384",
        "version" : "1.0.1"
      }
    }
  ],
  "version" : 2
}
